// !$*UTF8*$!
{
	archiveVersion = 1;
	classes = {
	};
	objectVersion = 46;
	objects = {

/* Begin PBXBuildFile section */
		B4CFB7241BEE470900F6306D /* main.m in Sources */ = {isa = PBXBuildFile; fileRef = B4CFB7231BEE470900F6306D /* main.m */; };
		B4CFB7271BEE470900F6306D /* AppDelegate.m in Sources */ = {isa = PBXBuildFile; fileRef = B4CFB7261BEE470900F6306D /* AppDelegate.m */; };
		B4CFB72A1BEE470900F6306D /* ViewController.m in Sources */ = {isa = PBXBuildFile; fileRef = B4CFB7291BEE470900F6306D /* ViewController.m */; };
		B4CFB72D1BEE470900F6306D /* Main.storyboard in Resources */ = {isa = PBXBuildFile; fileRef = B4CFB72B1BEE470900F6306D /* Main.storyboard */; };
		B4CFB72F1BEE470900F6306D /* Assets.xcassets in Resources */ = {isa = PBXBuildFile; fileRef = B4CFB72E1BEE470900F6306D /* Assets.xcassets */; };
		B4CFB7321BEE470900F6306D /* LaunchScreen.storyboard in Resources */ = {isa = PBXBuildFile; fileRef = B4CFB7301BEE470900F6306D /* LaunchScreen.storyboard */; };
		B4CFB73D1BEE470A00F6306D /* YoYoProxioCustomerTests.m in Sources */ = {isa = PBXBuildFile; fileRef = B4CFB73C1BEE470A00F6306D /* YoYoProxioCustomerTests.m */; };
/* End PBXBuildFile section */

/* Begin PBXContainerItemProxy section */
		B4CFB7391BEE470A00F6306D /* PBXContainerItemProxy */ = {
			isa = PBXContainerItemProxy;
			containerPortal = B4CFB7171BEE470900F6306D /* Project object */;
			proxyType = 1;
			remoteGlobalIDString = B4CFB71E1BEE470900F6306D;
			remoteInfo = YoYoProxioCustomer;
		};
/* End PBXContainerItemProxy section */

/* Begin PBXFileReference section */
		B4CFB71F1BEE470900F6306D /* YoYoProxioCustomer.app */ = {isa = PBXFileReference; explicitFileType = wrapper.application; includeInIndex = 0; path = YoYoProxioCustomer.app; sourceTree = BUILT_PRODUCTS_DIR; };
		B4CFB7231BEE470900F6306D /* main.m */ = {isa = PBXFileReference; lastKnownFileType = sourcecode.c.objc; path = main.m; sourceTree = "<group>"; };
		B4CFB7251BEE470900F6306D /* AppDelegate.h */ = {isa = PBXFileReference; lastKnownFileType = sourcecode.c.h; path = AppDelegate.h; sourceTree = "<group>"; };
		B4CFB7261BEE470900F6306D /* AppDelegate.m */ = {isa = PBXFileReference; lastKnownFileType = sourcecode.c.objc; path = AppDelegate.m; sourceTree = "<group>"; };
		B4CFB7281BEE470900F6306D /* ViewController.h */ = {isa = PBXFileReference; lastKnownFileType = sourcecode.c.h; path = ViewController.h; sourceTree = "<group>"; };
		B4CFB7291BEE470900F6306D /* ViewController.m */ = {isa = PBXFileReference; lastKnownFileType = sourcecode.c.objc; path = ViewController.m; sourceTree = "<group>"; };
		B4CFB72C1BEE470900F6306D /* Base */ = {isa = PBXFileReference; lastKnownFileType = file.storyboard; name = Base; path = Base.lproj/Main.storyboard; sourceTree = "<group>"; };
		B4CFB72E1BEE470900F6306D /* Assets.xcassets */ = {isa = PBXFileReference; lastKnownFileType = folder.assetcatalog; path = Assets.xcassets; sourceTree = "<group>"; };
		B4CFB7311BEE470900F6306D /* Base */ = {isa = PBXFileReference; lastKnownFileType = file.storyboard; name = Base; path = Base.lproj/LaunchScreen.storyboard; sourceTree = "<group>"; };
		B4CFB7331BEE470900F6306D /* Info.plist */ = {isa = PBXFileReference; lastKnownFileType = text.plist.xml; path = Info.plist; sourceTree = "<group>"; };
		B4CFB7381BEE470A00F6306D /* YoYoProxioCustomerTests.xctest */ = {isa = PBXFileReference; explicitFileType = wrapper.cfbundle; includeInIndex = 0; path = YoYoProxioCustomerTests.xctest; sourceTree = BUILT_PRODUCTS_DIR; };
		B4CFB73C1BEE470A00F6306D /* YoYoProxioCustomerTests.m */ = {isa = PBXFileReference; lastKnownFileType = sourcecode.c.objc; path = YoYoProxioCustomerTests.m; sourceTree = "<group>"; };
		B4CFB73E1BEE470A00F6306D /* Info.plist */ = {isa = PBXFileReference; lastKnownFileType = text.plist.xml; path = Info.plist; sourceTree = "<group>"; };
/* End PBXFileReference section */

/* Begin PBXFrameworksBuildPhase section */
		B4CFB71C1BEE470900F6306D /* Frameworks */ = {
			isa = PBXFrameworksBuildPhase;
			buildActionMask = 2147483647;
			files = (
			);
			runOnlyForDeploymentPostprocessing = 0;
		};
		B4CFB7351BEE470A00F6306D /* Frameworks */ = {
			isa = PBXFrameworksBuildPhase;
			buildActionMask = 2147483647;
			files = (
			);
			runOnlyForDeploymentPostprocessing = 0;
		};
/* End PBXFrameworksBuildPhase section */

/* Begin PBXGroup section */
		B4CFB7161BEE470900F6306D = {
			isa = PBXGroup;
			children = (
				B4CFB7211BEE470900F6306D /* YoYoProxioCustomer */,
				B4CFB73B1BEE470A00F6306D /* YoYoProxioCustomerTests */,
				B4CFB7201BEE470900F6306D /* Products */,
			);
			sourceTree = "<group>";
		};
		B4CFB7201BEE470900F6306D /* Products */ = {
			isa = PBXGroup;
			children = (
				B4CFB71F1BEE470900F6306D /* YoYoProxioCustomer.app */,
				B4CFB7381BEE470A00F6306D /* YoYoProxioCustomerTests.xctest */,
			);
			name = Products;
			sourceTree = "<group>";
		};
		B4CFB7211BEE470900F6306D /* YoYoProxioCustomer */ = {
			isa = PBXGroup;
			children = (
				B4CFB7251BEE470900F6306D /* AppDelegate.h */,
				B4CFB7261BEE470900F6306D /* AppDelegate.m */,
				B4CFB7281BEE470900F6306D /* ViewController.h */,
				B4CFB7291BEE470900F6306D /* ViewController.m */,
				B4CFB72B1BEE470900F6306D /* Main.storyboard */,
				B4CFB72E1BEE470900F6306D /* Assets.xcassets */,
				B4CFB7301BEE470900F6306D /* LaunchScreen.storyboard */,
				B4CFB7331BEE470900F6306D /* Info.plist */,
				B4CFB7221BEE470900F6306D /* Supporting Files */,
			);
			path = YoYoProxioCustomer;
			sourceTree = "<group>";
		};
		B4CFB7221BEE470900F6306D /* Supporting Files */ = {
			isa = PBXGroup;
			children = (
				B4CFB7231BEE470900F6306D /* main.m */,
			);
			name = "Supporting Files";
			sourceTree = "<group>";
		};
		B4CFB73B1BEE470A00F6306D /* YoYoProxioCustomerTests */ = {
			isa = PBXGroup;
			children = (
				B4CFB73C1BEE470A00F6306D /* YoYoProxioCustomerTests.m */,
				B4CFB73E1BEE470A00F6306D /* Info.plist */,
			);
			path = YoYoProxioCustomerTests;
			sourceTree = "<group>";
		};
/* End PBXGroup section */

/* Begin PBXNativeTarget section */
		B4CFB71E1BEE470900F6306D /* YoYoProxioCustomer */ = {
			isa = PBXNativeTarget;
			buildConfigurationList = B4CFB7411BEE470A00F6306D /* Build configuration list for PBXNativeTarget "YoYoProxioCustomer" */;
			buildPhases = (
				B4CFB71B1BEE470900F6306D /* Sources */,
				B4CFB71C1BEE470900F6306D /* Frameworks */,
				B4CFB71D1BEE470900F6306D /* Resources */,
			);
			buildRules = (
			);
			dependencies = (
			);
			name = YoYoProxioCustomer;
			productName = YoYoProxioCustomer;
			productReference = B4CFB71F1BEE470900F6306D /* YoYoProxioCustomer.app */;
			productType = "com.apple.product-type.application";
		};
		B4CFB7371BEE470A00F6306D /* YoYoProxioCustomerTests */ = {
			isa = PBXNativeTarget;
			buildConfigurationList = B4CFB7441BEE470A00F6306D /* Build configuration list for PBXNativeTarget "YoYoProxioCustomerTests" */;
			buildPhases = (
				B4CFB7341BEE470A00F6306D /* Sources */,
				B4CFB7351BEE470A00F6306D /* Frameworks */,
				B4CFB7361BEE470A00F6306D /* Resources */,
			);
			buildRules = (
			);
			dependencies = (
				B4CFB73A1BEE470A00F6306D /* PBXTargetDependency */,
			);
			name = YoYoProxioCustomerTests;
			productName = YoYoProxioCustomerTests;
			productReference = B4CFB7381BEE470A00F6306D /* YoYoProxioCustomerTests.xctest */;
			productType = "com.apple.product-type.bundle.unit-test";
		};
/* End PBXNativeTarget section */

/* Begin PBXProject section */
		B4CFB7171BEE470900F6306D /* Project object */ = {
			isa = PBXProject;
			attributes = {
				LastUpgradeCheck = 0710;
				ORGANIZATIONNAME = "Tom Ridd";
				TargetAttributes = {
					B4CFB71E1BEE470900F6306D = {
						CreatedOnToolsVersion = 7.1;
					};
					B4CFB7371BEE470A00F6306D = {
						CreatedOnToolsVersion = 7.1;
						TestTargetID = B4CFB71E1BEE470900F6306D;
					};
				};
			};
			buildConfigurationList = B4CFB71A1BEE470900F6306D /* Build configuration list for PBXProject "YoYoProxioCustomer" */;
			compatibilityVersion = "Xcode 3.2";
			developmentRegion = English;
			hasScannedForEncodings = 0;
			knownRegions = (
				en,
				Base,
			);
			mainGroup = B4CFB7161BEE470900F6306D;
			productRefGroup = B4CFB7201BEE470900F6306D /* Products */;
			projectDirPath = "";
			projectRoot = "";
			targets = (
				B4CFB71E1BEE470900F6306D /* YoYoProxioCustomer */,
				B4CFB7371BEE470A00F6306D /* YoYoProxioCustomerTests */,
			);
		};
/* End PBXProject section */

/* Begin PBXResourcesBuildPhase section */
		B4CFB71D1BEE470900F6306D /* Resources */ = {
			isa = PBXResourcesBuildPhase;
			buildActionMask = 2147483647;
			files = (
				B4CFB7321BEE470900F6306D /* LaunchScreen.storyboard in Resources */,
				B4CFB72F1BEE470900F6306D /* Assets.xcassets in Resources */,
				B4CFB72D1BEE470900F6306D /* Main.storyboard in Resources */,
			);
			runOnlyForDeploymentPostprocessing = 0;
		};
		B4CFB7361BEE470A00F6306D /* Resources */ = {
			isa = PBXResourcesBuildPhase;
			buildActionMask = 2147483647;
			files = (
			);
			runOnlyForDeploymentPostprocessing = 0;
		};
/* End PBXResourcesBuildPhase section */

/* Begin PBXSourcesBuildPhase section */
		B4CFB71B1BEE470900F6306D /* Sources */ = {
			isa = PBXSourcesBuildPhase;
			buildActionMask = 2147483647;
			files = (
				B4CFB72A1BEE470900F6306D /* ViewController.m in Sources */,
				B4CFB7271BEE470900F6306D /* AppDelegate.m in Sources */,
				B4CFB7241BEE470900F6306D /* main.m in Sources */,
			);
			runOnlyForDeploymentPostprocessing = 0;
		};
		B4CFB7341BEE470A00F6306D /* Sources */ = {
			isa = PBXSourcesBuildPhase;
			buildActionMask = 2147483647;
			files = (
				B4CFB73D1BEE470A00F6306D /* YoYoProxioCustomerTests.m in Sources */,
			);
			runOnlyForDeploymentPostprocessing = 0;
		};
/* End PBXSourcesBuildPhase section */

/* Begin PBXTargetDependency section */
		B4CFB73A1BEE470A00F6306D /* PBXTargetDependency */ = {
			isa = PBXTargetDependency;
			target = B4CFB71E1BEE470900F6306D /* YoYoProxioCustomer */;
			targetProxy = B4CFB7391BEE470A00F6306D /* PBXContainerItemProxy */;
		};
/* End PBXTargetDependency section */

/* Begin PBXVariantGroup section */
		B4CFB72B1BEE470900F6306D /* Main.storyboard */ = {
			isa = PBXVariantGroup;
			children = (
				B4CFB72C1BEE470900F6306D /* Base */,
			);
			name = Main.storyboard;
			sourceTree = "<group>";
		};
		B4CFB7301BEE470900F6306D /* LaunchScreen.storyboard */ = {
			isa = PBXVariantGroup;
			children = (
				B4CFB7311BEE470900F6306D /* Base */,
			);
			name = LaunchScreen.storyboard;
			sourceTree = "<group>";
		};
/* End PBXVariantGroup section */

/* Begin XCBuildConfiguration section */
		B4CFB73F1BEE470A00F6306D /* Debug */ = {
			isa = XCBuildConfiguration;
			buildSettings = {
				ALWAYS_SEARCH_USER_PATHS = NO;
				CLANG_CXX_LANGUAGE_STANDARD = "gnu++0x";
				CLANG_CXX_LIBRARY = "libc++";
				CLANG_ENABLE_MODULES = YES;
				CLANG_ENABLE_OBJC_ARC = YES;
				CLANG_WARN_BOOL_CONVERSION = YES;
				CLANG_WARN_CONSTANT_CONVERSION = YES;
				CLANG_WARN_DIRECT_OBJC_ISA_USAGE = YES_ERROR;
				CLANG_WARN_EMPTY_BODY = YES;
				CLANG_WARN_ENUM_CONVERSION = YES;
				CLANG_WARN_INT_CONVERSION = YES;
				CLANG_WARN_OBJC_ROOT_CLASS = YES_ERROR;
				CLANG_WARN_UNREACHABLE_CODE = YES;
				CLANG_WARN__DUPLICATE_METHOD_MATCH = YES;
				"CODE_SIGN_IDENTITY[sdk=iphoneos*]" = "iPhone Developer";
				COPY_PHASE_STRIP = NO;
				DEBUG_INFORMATION_FORMAT = dwarf;
				ENABLE_STRICT_OBJC_MSGSEND = YES;
				ENABLE_TESTABILITY = YES;
				GCC_C_LANGUAGE_STANDARD = gnu99;
				GCC_DYNAMIC_NO_PIC = NO;
				GCC_NO_COMMON_BLOCKS = YES;
				GCC_OPTIMIZATION_LEVEL = 0;
				GCC_PREPROCESSOR_DEFINITIONS = (
					"DEBUG=1",
					"$(inherited)",
				);
				GCC_WARN_64_TO_32_BIT_CONVERSION = YES;
				GCC_WARN_ABOUT_RETURN_TYPE = YES_ERROR;
				GCC_WARN_UNDECLARED_SELECTOR = YES;
				GCC_WARN_UNINITIALIZED_AUTOS = YES_AGGRESSIVE;
				GCC_WARN_UNUSED_FUNCTION = YES;
				GCC_WARN_UNUSED_VARIABLE = YES;
				IPHONEOS_DEPLOYMENT_TARGET = 9.1;
				MTL_ENABLE_DEBUG_INFO = YES;
				ONLY_ACTIVE_ARCH = YES;
				SDKROOT = iphoneos;
			};
			name = Debug;
		};
		B4CFB7401BEE470A00F6306D /* Release */ = {
			isa = XCBuildConfiguration;
			buildSettings = {
				ALWAYS_SEARCH_USER_PATHS = NO;
				CLANG_CXX_LANGUAGE_STANDARD = "gnu++0x";
				CLANG_CXX_LIBRARY = "libc++";
				CLANG_ENABLE_MODULES = YES;
				CLANG_ENABLE_OBJC_ARC = YES;
				CLANG_WARN_BOOL_CONVERSION = YES;
				CLANG_WARN_CONSTANT_CONVERSION = YES;
				CLANG_WARN_DIRECT_OBJC_ISA_USAGE = YES_ERROR;
				CLANG_WARN_EMPTY_BODY = YES;
				CLANG_WARN_ENUM_CONVERSION = YES;
				CLANG_WARN_INT_CONVERSION = YES;
				CLANG_WARN_OBJC_ROOT_CLASS = YES_ERROR;
				CLANG_WARN_UNREACHABLE_CODE = YES;
				CLANG_WARN__DUPLICATE_METHOD_MATCH = YES;
				"CODE_SIGN_IDENTITY[sdk=iphoneos*]" = "iPhone Developer";
				COPY_PHASE_STRIP = NO;
				DEBUG_INFORMATION_FORMAT = "dwarf-with-dsym";
				ENABLE_NS_ASSERTIONS = NO;
				ENABLE_STRICT_OBJC_MSGSEND = YES;
				GCC_C_LANGUAGE_STANDARD = gnu99;
				GCC_NO_COMMON_BLOCKS = YES;
				GCC_WARN_64_TO_32_BIT_CONVERSION = YES;
				GCC_WARN_ABOUT_RETURN_TYPE = YES_ERROR;
				GCC_WARN_UNDECLARED_SELECTOR = YES;
				GCC_WARN_UNINITIALIZED_AUTOS = YES_AGGRESSIVE;
				GCC_WARN_UNUSED_FUNCTION = YES;
				GCC_WARN_UNUSED_VARIABLE = YES;
				IPHONEOS_DEPLOYMENT_TARGET = 9.1;
				MTL_ENABLE_DEBUG_INFO = NO;
				SDKROOT = iphoneos;
				VALIDATE_PRODUCT = YES;
			};
			name = Release;
		};
		B4CFB7421BEE470A00F6306D /* Debug */ = {
			isa = XCBuildConfiguration;
			buildSettings = {
				ASSETCATALOG_COMPILER_APPICON_NAME = AppIcon;
				INFOPLIST_FILE = YoYoProxioCustomer/Info.plist;
				LD_RUNPATH_SEARCH_PATHS = "$(inherited) @executable_path/Frameworks";
				PRODUCT_BUNDLE_IDENTIFIER = com.pomelotreeapps.YoYoProxioCustomer;
				PRODUCT_NAME = "$(TARGET_NAME)";
			};
			name = Debug;
		};
		B4CFB7431BEE470A00F6306D /* Release */ = {
			isa = XCBuildConfiguration;
			buildSettings = {
				ASSETCATALOG_COMPILER_APPICON_NAME = AppIcon;
				INFOPLIST_FILE = YoYoProxioCustomer/Info.plist;
				LD_RUNPATH_SEARCH_PATHS = "$(inherited) @executable_path/Frameworks";
				PRODUCT_BUNDLE_IDENTIFIER = com.pomelotreeapps.YoYoProxioCustomer;
				PRODUCT_NAME = "$(TARGET_NAME)";
			};
			name = Release;
		};
		B4CFB7451BEE470A00F6306D /* Debug */ = {
			isa = XCBuildConfiguration;
			buildSettings = {
				BUNDLE_LOADER = "$(TEST_HOST)";
				INFOPLIST_FILE = YoYoProxioCustomerTests/Info.plist;
				LD_RUNPATH_SEARCH_PATHS = "$(inherited) @executable_path/Frameworks @loader_path/Frameworks";
				PRODUCT_BUNDLE_IDENTIFIER = com.pomelotreeapps.YoYoProxioCustomerTests;
				PRODUCT_NAME = "$(TARGET_NAME)";
				TEST_HOST = "$(BUILT_PRODUCTS_DIR)/YoYoProxioCustomer.app/YoYoProxioCustomer";
			};
			name = Debug;
		};
		B4CFB7461BEE470A00F6306D /* Release */ = {
			isa = XCBuildConfiguration;
			buildSettings = {
				BUNDLE_LOADER = "$(TEST_HOST)";
				INFOPLIST_FILE = YoYoProxioCustomerTests/Info.plist;
				LD_RUNPATH_SEARCH_PATHS = "$(inherited) @executable_path/Frameworks @loader_path/Frameworks";
				PRODUCT_BUNDLE_IDENTIFIER = com.pomelotreeapps.YoYoProxioCustomerTests;
				PRODUCT_NAME = "$(TARGET_NAME)";
				TEST_HOST = "$(BUILT_PRODUCTS_DIR)/YoYoProxioCustomer.app/YoYoProxioCustomer";
			};
			name = Release;
		};
/* End XCBuildConfiguration section */

/* Begin XCConfigurationList section */
		B4CFB71A1BEE470900F6306D /* Build configuration list for PBXProject "YoYoProxioCustomer" */ = {
			isa = XCConfigurationList;
			buildConfigurations = (
				B4CFB73F1BEE470A00F6306D /* Debug */,
				B4CFB7401BEE470A00F6306D /* Release */,
			);
			defaultConfigurationIsVisible = 0;
			defaultConfigurationName = Release;
		};
		B4CFB7411BEE470A00F6306D /* Build configuration list for PBXNativeTarget "YoYoProxioCustomer" */ = {
			isa = XCConfigurationList;
			buildConfigurations = (
				B4CFB7421BEE470A00F6306D /* Debug */,
				B4CFB7431BEE470A00F6306D /* Release */,
			);
			defaultConfigurationIsVisible = 0;
		};
		B4CFB7441BEE470A00F6306D /* Build configuration list for PBXNativeTarget "YoYoProxioCustomerTests" */ = {
			isa = XCConfigurationList;
			buildConfigurations = (
				B4CFB7451BEE470A00F6306D /* Debug */,
				B4CFB7461BEE470A00F6306D /* Release */,
			);
			defaultConfigurationIsVisible = 0;
		};
/* End XCConfigurationList section */
	};
	rootObject = B4CFB7171BEE470900F6306D /* Project object */;
}
